
Microsoft Visual Studio Solution File, Format Version 12.00
# Visual Studio 15
VisualStudioVersion = 15.0.28307.168
MinimumVisualStudioVersion = 10.0.40219.1
Project("{2150E333-8FDC-42A3-9474-1A3956D46DE8}") = "queue", "queue", "{68563D78-3673-44BD-92D6-41324F0AA1A1}"
EndProject
Project("{9A19103F-16F7-4668-BE54-9A1E7A4F7556}") = "receiver", "queue\receiver\receiver.csproj", "{77FAA809-F5BA-4012-A599-7EA10730D609}"
EndProject
Project("{9A19103F-16F7-4668-BE54-9A1E7A4F7556}") = "sender", "queue\sender\sender.csproj", "{C5625E46-B3E7-462E-8660-CE65575A97A4}"
EndProject
Global
	GlobalSection(SolutionConfigurationPlatforms) = preSolution
		Debug|Any CPU = Debug|Any CPU
		Release|Any CPU = Release|Any CPU
	EndGlobalSection
	GlobalSection(ProjectConfigurationPlatforms) = postSolution
		{77FAA809-F5BA-4012-A599-7EA10730D609}.Debug|Any CPU.ActiveCfg = Debug|Any CPU
		{77FAA809-F5BA-4012-A599-7EA10730D609}.Debug|Any CPU.Build.0 = Debug|Any CPU
		{77FAA809-F5BA-4012-A599-7EA10730D609}.Release|Any CPU.ActiveCfg = Release|Any CPU
		{77FAA809-F5BA-4012-A599-7EA10730D609}.Release|Any CPU.Build.0 = Release|Any CPU
		{C5625E46-B3E7-462E-8660-CE65575A97A4}.Debug|Any CPU.ActiveCfg = Debug|Any CPU
		{C5625E46-B3E7-462E-8660-CE65575A97A4}.Debug|Any CPU.Build.0 = Debug|Any CPU
		{C5625E46-B3E7-462E-8660-CE65575A97A4}.Release|Any CPU.ActiveCfg = Release|Any CPU
		{C5625E46-B3E7-462E-8660-CE65575A97A4}.Release|Any CPU.Build.0 = Release|Any CPU
	EndGlobalSection
	GlobalSection(SolutionProperties) = preSolution
		HideSolutionNode = FALSE
	EndGlobalSection
	GlobalSection(NestedProjects) = preSolution
		{77FAA809-F5BA-4012-A599-7EA10730D609} = {68563D78-3673-44BD-92D6-41324F0AA1A1}
		{C5625E46-B3E7-462E-8660-CE65575A97A4} = {68563D78-3673-44BD-92D6-41324F0AA1A1}
	EndGlobalSection
	GlobalSection(ExtensibilityGlobals) = postSolution
		SolutionGuid = {80BF3463-DD02-4319-99E8-7347618B33CE}
	EndGlobalSection
EndGlobal
